// !$*UTF8*$!
{
	archiveVersion = 1;
	classes = {
	};
	objectVersion = 46;
	objects = {

/* Begin PBXBuildFile section */
		090531A246DA0E99FFFBE101 /* Pods_TwitterChallenge.framework in Frameworks */ = {isa = PBXBuildFile; fileRef = 26748BD1CE114C5069D50356 /* Pods_TwitterChallenge.framework */; };
		770DD25A1F4DC32A00F9AAB4 /* AppDelegate.swift in Sources */ = {isa = PBXBuildFile; fileRef = 770DD2591F4DC32A00F9AAB4 /* AppDelegate.swift */; };
		770DD25C1F4DC32A00F9AAB4 /* LoginViewController.swift in Sources */ = {isa = PBXBuildFile; fileRef = 770DD25B1F4DC32A00F9AAB4 /* LoginViewController.swift */; };
		770DD25F1F4DC32A00F9AAB4 /* Main.storyboard in Resources */ = {isa = PBXBuildFile; fileRef = 770DD25D1F4DC32A00F9AAB4 /* Main.storyboard */; };
		770DD2621F4DC32A00F9AAB4 /* TwitterChallenge.xcdatamodeld in Sources */ = {isa = PBXBuildFile; fileRef = 770DD2601F4DC32A00F9AAB4 /* TwitterChallenge.xcdatamodeld */; };
		770DD2641F4DC32A00F9AAB4 /* Assets.xcassets in Resources */ = {isa = PBXBuildFile; fileRef = 770DD2631F4DC32A00F9AAB4 /* Assets.xcassets */; };
		770DD2671F4DC32A00F9AAB4 /* LaunchScreen.storyboard in Resources */ = {isa = PBXBuildFile; fileRef = 770DD2651F4DC32A00F9AAB4 /* LaunchScreen.storyboard */; };
		7797EABC1F4F6658005C9734 /* LoginContract.swift in Sources */ = {isa = PBXBuildFile; fileRef = 7797EABB1F4F6658005C9734 /* LoginContract.swift */; };
		7797EABE1F4F6667005C9734 /* LoginPresenter.swift in Sources */ = {isa = PBXBuildFile; fileRef = 7797EABD1F4F6667005C9734 /* LoginPresenter.swift */; };
		7797EAC01F4F688A005C9734 /* FollowersListContract.swift in Sources */ = {isa = PBXBuildFile; fileRef = 7797EABF1F4F688A005C9734 /* FollowersListContract.swift */; };
		7797EAC21F4F689F005C9734 /* FollowersListPresenter.swift in Sources */ = {isa = PBXBuildFile; fileRef = 7797EAC11F4F689F005C9734 /* FollowersListPresenter.swift */; };
		7797EAC41F4F68BF005C9734 /* FollowersDetailsContract.swift in Sources */ = {isa = PBXBuildFile; fileRef = 7797EAC31F4F68BF005C9734 /* FollowersDetailsContract.swift */; };
		7797EAC61F4F68D2005C9734 /* FollowersDetailsPresenter.swift in Sources */ = {isa = PBXBuildFile; fileRef = 7797EAC51F4F68D2005C9734 /* FollowersDetailsPresenter.swift */; };
		779B9AB01F50406B00926F2F /* BaseViewController.swift in Sources */ = {isa = PBXBuildFile; fileRef = 779B9AAF1F50406B00926F2F /* BaseViewController.swift */; };
		779B9AB61F5040D000926F2F /* Alamofire.framework in Frameworks */ = {isa = PBXBuildFile; fileRef = 779B9AB11F5040D000926F2F /* Alamofire.framework */; };
		779B9AB71F5040D000926F2F /* DropDown.framework in Frameworks */ = {isa = PBXBuildFile; fileRef = 779B9AB21F5040D000926F2F /* DropDown.framework */; };
		779B9AB81F5040D000926F2F /* MBProgressHUD.framework in Frameworks */ = {isa = PBXBuildFile; fileRef = 779B9AB31F5040D000926F2F /* MBProgressHUD.framework */; };
		779B9AB91F5040D000926F2F /* SDWebImage.framework in Frameworks */ = {isa = PBXBuildFile; fileRef = 779B9AB41F5040D000926F2F /* SDWebImage.framework */; };
		779B9ABA1F5040D000926F2F /* WHRoundedImageView.framework in Frameworks */ = {isa = PBXBuildFile; fileRef = 779B9AB51F5040D000926F2F /* WHRoundedImageView.framework */; };
		77B708591F501D9D0096CE34 /* Repository.swift in Sources */ = {isa = PBXBuildFile; fileRef = 77B708581F501D9D0096CE34 /* Repository.swift */; };
		77B7085B1F501DE30096CE34 /* LoginRepository.swift in Sources */ = {isa = PBXBuildFile; fileRef = 77B7085A1F501DE30096CE34 /* LoginRepository.swift */; };
		77B7085D1F501E020096CE34 /* FollowersListRepository.swift in Sources */ = {isa = PBXBuildFile; fileRef = 77B7085C1F501E020096CE34 /* FollowersListRepository.swift */; };
		77B7085F1F501E4D0096CE34 /* FollowerDetailsRepository.swift in Sources */ = {isa = PBXBuildFile; fileRef = 77B7085E1F501E4D0096CE34 /* FollowerDetailsRepository.swift */; };
		77B708611F501E8D0096CE34 /* LoginDataSource.swift in Sources */ = {isa = PBXBuildFile; fileRef = 77B708601F501E8D0096CE34 /* LoginDataSource.swift */; };
		77B708631F501EA20096CE34 /* LoginRemoteDS.swift in Sources */ = {isa = PBXBuildFile; fileRef = 77B708621F501EA20096CE34 /* LoginRemoteDS.swift */; };
		77B708651F501EBD0096CE34 /* LoginLocalDS.swift in Sources */ = {isa = PBXBuildFile; fileRef = 77B708641F501EBD0096CE34 /* LoginLocalDS.swift */; };
		77B708671F501ED40096CE34 /* FollowersListDataSource.swift in Sources */ = {isa = PBXBuildFile; fileRef = 77B708661F501ED40096CE34 /* FollowersListDataSource.swift */; };
		77B708691F501EE60096CE34 /* FollowersListRemoteDS.swift in Sources */ = {isa = PBXBuildFile; fileRef = 77B708681F501EE60096CE34 /* FollowersListRemoteDS.swift */; };
		77B7086B1F501EFB0096CE34 /* FollowersListLocalDS.swift in Sources */ = {isa = PBXBuildFile; fileRef = 77B7086A1F501EFB0096CE34 /* FollowersListLocalDS.swift */; };
		77B7086D1F501F170096CE34 /* FollowerDetailsDataSource.swift in Sources */ = {isa = PBXBuildFile; fileRef = 77B7086C1F501F170096CE34 /* FollowerDetailsDataSource.swift */; };
		77B7086F1F501F2E0096CE34 /* FollowerDetailsRemoteDS.swift in Sources */ = {isa = PBXBuildFile; fileRef = 77B7086E1F501F2E0096CE34 /* FollowerDetailsRemoteDS.swift */; };
		77B708711F501F420096CE34 /* FollowerDetailsLocalDS.swift in Sources */ = {isa = PBXBuildFile; fileRef = 77B708701F501F420096CE34 /* FollowerDetailsLocalDS.swift */; };
		77B708731F5020250096CE34 /* APIsDataConstant.swift in Sources */ = {isa = PBXBuildFile; fileRef = 77B708721F5020250096CE34 /* APIsDataConstant.swift */; };
		77B708791F502B510096CE34 /* Usecase.swift in Sources */ = {isa = PBXBuildFile; fileRef = 77B708781F502B510096CE34 /* Usecase.swift */; };
		77B7087B1F502B970096CE34 /* LoginUsecase.swift in Sources */ = {isa = PBXBuildFile; fileRef = 77B7087A1F502B970096CE34 /* LoginUsecase.swift */; };
		77B7087D1F502BB80096CE34 /* FollowersListUsecase.swift in Sources */ = {isa = PBXBuildFile; fileRef = 77B7087C1F502BB80096CE34 /* FollowersListUsecase.swift */; };
		77B7087F1F502C070096CE34 /* FollowerDetailsUsecase.swift in Sources */ = {isa = PBXBuildFile; fileRef = 77B7087E1F502C070096CE34 /* FollowerDetailsUsecase.swift */; };
		77B708811F502C2A0096CE34 /* BasePresenter.swift in Sources */ = {isa = PBXBuildFile; fileRef = 77B708801F502C2A0096CE34 /* BasePresenter.swift */; };
		77C0E01A1F4E9A4400F95173 /* FollwersTableViewController.swift in Sources */ = {isa = PBXBuildFile; fileRef = 77C0E0191F4E9A4400F95173 /* FollwersTableViewController.swift */; };
		77C0E01C1F4E9A6000F95173 /* FollowerDetailsViewController.swift in Sources */ = {isa = PBXBuildFile; fileRef = 77C0E01B1F4E9A6000F95173 /* FollowerDetailsViewController.swift */; };
		77DC48421F581772002E51E8 /* Followers.swift in Sources */ = {isa = PBXBuildFile; fileRef = 77DC48411F581772002E51E8 /* Followers.swift */; };
		77DC48441F5817A4002E51E8 /* Tweets.swift in Sources */ = {isa = PBXBuildFile; fileRef = 77DC48431F5817A4002E51E8 /* Tweets.swift */; };
		77DC48461F581AC9002E51E8 /* BaseTableViewController.swift in Sources */ = {isa = PBXBuildFile; fileRef = 77DC48451F581AC9002E51E8 /* BaseTableViewController.swift */; };
		77DC48491F581DA0002E51E8 /* BackendAPI.swift in Sources */ = {isa = PBXBuildFile; fileRef = 77DC48481F581DA0002E51E8 /* BackendAPI.swift */; };
		77DC484B1F581DFF002E51E8 /* AlamofireAPI.swift in Sources */ = {isa = PBXBuildFile; fileRef = 77DC484A1F581DFF002E51E8 /* AlamofireAPI.swift */; };
		77DC484D1F582265002E51E8 /* SwiftyJSON.framework in Frameworks */ = {isa = PBXBuildFile; fileRef = 77DC484C1F582265002E51E8 /* SwiftyJSON.framework */; };
		77DC484F1F58336C002E51E8 /* BaseExtensions.swift in Sources */ = {isa = PBXBuildFile; fileRef = 77DC484E1F58336C002E51E8 /* BaseExtensions.swift */; };
		77DD388A1F53380000B23A1B /* APIsUrlConstants.swift in Sources */ = {isa = PBXBuildFile; fileRef = 77DD38891F53380000B23A1B /* APIsUrlConstants.swift */; };
		77DD388C1F5339BF00B23A1B /* SafariServices.framework in Frameworks */ = {isa = PBXBuildFile; fileRef = 77DD388B1F5339BF00B23A1B /* SafariServices.framework */; };
/* End PBXBuildFile section */

/* Begin PBXFileReference section */
		26748BD1CE114C5069D50356 /* Pods_TwitterChallenge.framework */ = {isa = PBXFileReference; explicitFileType = wrapper.framework; includeInIndex = 0; path = Pods_TwitterChallenge.framework; sourceTree = BUILT_PRODUCTS_DIR; };
		550C4FB37D64DDF68D3643FD /* Pods-TwitterChallenge.debug.xcconfig */ = {isa = PBXFileReference; includeInIndex = 1; lastKnownFileType = text.xcconfig; name = "Pods-TwitterChallenge.debug.xcconfig"; path = "Pods/Target Support Files/Pods-TwitterChallenge/Pods-TwitterChallenge.debug.xcconfig"; sourceTree = "<group>"; };
		770DD2561F4DC32A00F9AAB4 /* TwitterChallenge.app */ = {isa = PBXFileReference; explicitFileType = wrapper.application; includeInIndex = 0; path = TwitterChallenge.app; sourceTree = BUILT_PRODUCTS_DIR; };
		770DD2591F4DC32A00F9AAB4 /* AppDelegate.swift */ = {isa = PBXFileReference; lastKnownFileType = sourcecode.swift; path = AppDelegate.swift; sourceTree = "<group>"; };
		770DD25B1F4DC32A00F9AAB4 /* LoginViewController.swift */ = {isa = PBXFileReference; lastKnownFileType = sourcecode.swift; name = LoginViewController.swift; path = ../../LoginViewController.swift; sourceTree = "<group>"; };
		770DD25E1F4DC32A00F9AAB4 /* Base */ = {isa = PBXFileReference; lastKnownFileType = file.storyboard; name = Base; path = Base.lproj/Main.storyboard; sourceTree = "<group>"; };
		770DD2611F4DC32A00F9AAB4 /* TwitterChallenge.xcdatamodel */ = {isa = PBXFileReference; lastKnownFileType = wrapper.xcdatamodel; path = TwitterChallenge.xcdatamodel; sourceTree = "<group>"; };
		770DD2631F4DC32A00F9AAB4 /* Assets.xcassets */ = {isa = PBXFileReference; lastKnownFileType = folder.assetcatalog; path = Assets.xcassets; sourceTree = "<group>"; };
		770DD2661F4DC32A00F9AAB4 /* Base */ = {isa = PBXFileReference; lastKnownFileType = file.storyboard; name = Base; path = Base.lproj/LaunchScreen.storyboard; sourceTree = "<group>"; };
		770DD2681F4DC32A00F9AAB4 /* Info.plist */ = {isa = PBXFileReference; lastKnownFileType = text.plist.xml; path = Info.plist; sourceTree = "<group>"; };
		7797EABB1F4F6658005C9734 /* LoginContract.swift */ = {isa = PBXFileReference; fileEncoding = 4; lastKnownFileType = sourcecode.swift; path = LoginContract.swift; sourceTree = "<group>"; };
		7797EABD1F4F6667005C9734 /* LoginPresenter.swift */ = {isa = PBXFileReference; fileEncoding = 4; lastKnownFileType = sourcecode.swift; path = LoginPresenter.swift; sourceTree = "<group>"; };
		7797EABF1F4F688A005C9734 /* FollowersListContract.swift */ = {isa = PBXFileReference; fileEncoding = 4; lastKnownFileType = sourcecode.swift; path = FollowersListContract.swift; sourceTree = "<group>"; };
		7797EAC11F4F689F005C9734 /* FollowersListPresenter.swift */ = {isa = PBXFileReference; fileEncoding = 4; lastKnownFileType = sourcecode.swift; path = FollowersListPresenter.swift; sourceTree = "<group>"; };
		7797EAC31F4F68BF005C9734 /* FollowersDetailsContract.swift */ = {isa = PBXFileReference; fileEncoding = 4; lastKnownFileType = sourcecode.swift; path = FollowersDetailsContract.swift; sourceTree = "<group>"; };
		7797EAC51F4F68D2005C9734 /* FollowersDetailsPresenter.swift */ = {isa = PBXFileReference; fileEncoding = 4; lastKnownFileType = sourcecode.swift; path = FollowersDetailsPresenter.swift; sourceTree = "<group>"; };
		779B9AAF1F50406B00926F2F /* BaseViewController.swift */ = {isa = PBXFileReference; fileEncoding = 4; lastKnownFileType = sourcecode.swift; path = BaseViewController.swift; sourceTree = "<group>"; };
		779B9AB11F5040D000926F2F /* Alamofire.framework */ = {isa = PBXFileReference; lastKnownFileType = wrapper.framework; name = Alamofire.framework; path = "../../../Library/Developer/Xcode/DerivedData/TwitterChallenge-hlbofqtryjvzziddyeykgzyhqhve/Build/Products/Debug-iphoneos/Alamofire/Alamofire.framework"; sourceTree = "<group>"; };
		779B9AB21F5040D000926F2F /* DropDown.framework */ = {isa = PBXFileReference; lastKnownFileType = wrapper.framework; name = DropDown.framework; path = "../../../Library/Developer/Xcode/DerivedData/TwitterChallenge-hlbofqtryjvzziddyeykgzyhqhve/Build/Products/Debug-iphoneos/DropDown/DropDown.framework"; sourceTree = "<group>"; };
		779B9AB31F5040D000926F2F /* MBProgressHUD.framework */ = {isa = PBXFileReference; lastKnownFileType = wrapper.framework; name = MBProgressHUD.framework; path = "../../../Library/Developer/Xcode/DerivedData/TwitterChallenge-hlbofqtryjvzziddyeykgzyhqhve/Build/Products/Debug-iphoneos/MBProgressHUD/MBProgressHUD.framework"; sourceTree = "<group>"; };
		779B9AB41F5040D000926F2F /* SDWebImage.framework */ = {isa = PBXFileReference; lastKnownFileType = wrapper.framework; name = SDWebImage.framework; path = "../../../Library/Developer/Xcode/DerivedData/TwitterChallenge-hlbofqtryjvzziddyeykgzyhqhve/Build/Products/Debug-iphoneos/SDWebImage/SDWebImage.framework"; sourceTree = "<group>"; };
		779B9AB51F5040D000926F2F /* WHRoundedImageView.framework */ = {isa = PBXFileReference; lastKnownFileType = wrapper.framework; name = WHRoundedImageView.framework; path = "../../../Library/Developer/Xcode/DerivedData/TwitterChallenge-hlbofqtryjvzziddyeykgzyhqhve/Build/Products/Debug-iphoneos/WHRoundedImageView/WHRoundedImageView.framework"; sourceTree = "<group>"; };
		77B708581F501D9D0096CE34 /* Repository.swift */ = {isa = PBXFileReference; fileEncoding = 4; lastKnownFileType = sourcecode.swift; path = Repository.swift; sourceTree = "<group>"; };
		77B7085A1F501DE30096CE34 /* LoginRepository.swift */ = {isa = PBXFileReference; fileEncoding = 4; lastKnownFileType = sourcecode.swift; path = LoginRepository.swift; sourceTree = "<group>"; };
		77B7085C1F501E020096CE34 /* FollowersListRepository.swift */ = {isa = PBXFileReference; fileEncoding = 4; lastKnownFileType = sourcecode.swift; path = FollowersListRepository.swift; sourceTree = "<group>"; };
		77B7085E1F501E4D0096CE34 /* FollowerDetailsRepository.swift */ = {isa = PBXFileReference; fileEncoding = 4; lastKnownFileType = sourcecode.swift; path = FollowerDetailsRepository.swift; sourceTree = "<group>"; };
		77B708601F501E8D0096CE34 /* LoginDataSource.swift */ = {isa = PBXFileReference; fileEncoding = 4; lastKnownFileType = sourcecode.swift; path = LoginDataSource.swift; sourceTree = "<group>"; };
		77B708621F501EA20096CE34 /* LoginRemoteDS.swift */ = {isa = PBXFileReference; fileEncoding = 4; lastKnownFileType = sourcecode.swift; name = LoginRemoteDS.swift; path = ../FollowersList/LoginRemoteDS.swift; sourceTree = "<group>"; };
		77B708641F501EBD0096CE34 /* LoginLocalDS.swift */ = {isa = PBXFileReference; fileEncoding = 4; lastKnownFileType = sourcecode.swift; path = LoginLocalDS.swift; sourceTree = "<group>"; };
		77B708661F501ED40096CE34 /* FollowersListDataSource.swift */ = {isa = PBXFileReference; fileEncoding = 4; lastKnownFileType = sourcecode.swift; path = FollowersListDataSource.swift; sourceTree = "<group>"; };
		77B708681F501EE60096CE34 /* FollowersListRemoteDS.swift */ = {isa = PBXFileReference; fileEncoding = 4; lastKnownFileType = sourcecode.swift; path = FollowersListRemoteDS.swift; sourceTree = "<group>"; };
		77B7086A1F501EFB0096CE34 /* FollowersListLocalDS.swift */ = {isa = PBXFileReference; fileEncoding = 4; lastKnownFileType = sourcecode.swift; path = FollowersListLocalDS.swift; sourceTree = "<group>"; };
		77B7086C1F501F170096CE34 /* FollowerDetailsDataSource.swift */ = {isa = PBXFileReference; fileEncoding = 4; lastKnownFileType = sourcecode.swift; path = FollowerDetailsDataSource.swift; sourceTree = "<group>"; };
		77B7086E1F501F2E0096CE34 /* FollowerDetailsRemoteDS.swift */ = {isa = PBXFileReference; fileEncoding = 4; lastKnownFileType = sourcecode.swift; path = FollowerDetailsRemoteDS.swift; sourceTree = "<group>"; };
		77B708701F501F420096CE34 /* FollowerDetailsLocalDS.swift */ = {isa = PBXFileReference; fileEncoding = 4; lastKnownFileType = sourcecode.swift; path = FollowerDetailsLocalDS.swift; sourceTree = "<group>"; };
		77B708721F5020250096CE34 /* APIsDataConstant.swift */ = {isa = PBXFileReference; fileEncoding = 4; lastKnownFileType = sourcecode.swift; path = APIsDataConstant.swift; sourceTree = "<group>"; };
		77B708781F502B510096CE34 /* Usecase.swift */ = {isa = PBXFileReference; fileEncoding = 4; lastKnownFileType = sourcecode.swift; path = Usecase.swift; sourceTree = "<group>"; };
		77B7087A1F502B970096CE34 /* LoginUsecase.swift */ = {isa = PBXFileReference; fileEncoding = 4; lastKnownFileType = sourcecode.swift; path = LoginUsecase.swift; sourceTree = "<group>"; };
		77B7087C1F502BB80096CE34 /* FollowersListUsecase.swift */ = {isa = PBXFileReference; fileEncoding = 4; lastKnownFileType = sourcecode.swift; path = FollowersListUsecase.swift; sourceTree = "<group>"; };
		77B7087E1F502C070096CE34 /* FollowerDetailsUsecase.swift */ = {isa = PBXFileReference; fileEncoding = 4; lastKnownFileType = sourcecode.swift; path = FollowerDetailsUsecase.swift; sourceTree = "<group>"; };
		77B708801F502C2A0096CE34 /* BasePresenter.swift */ = {isa = PBXFileReference; fileEncoding = 4; lastKnownFileType = sourcecode.swift; path = BasePresenter.swift; sourceTree = "<group>"; };
		77C0E0191F4E9A4400F95173 /* FollwersTableViewController.swift */ = {isa = PBXFileReference; fileEncoding = 4; lastKnownFileType = sourcecode.swift; path = FollwersTableViewController.swift; sourceTree = "<group>"; };
		77C0E01B1F4E9A6000F95173 /* FollowerDetailsViewController.swift */ = {isa = PBXFileReference; fileEncoding = 4; lastKnownFileType = sourcecode.swift; path = FollowerDetailsViewController.swift; sourceTree = "<group>"; };
		77DC48411F581772002E51E8 /* Followers.swift */ = {isa = PBXFileReference; fileEncoding = 4; lastKnownFileType = sourcecode.swift; path = Followers.swift; sourceTree = "<group>"; };
		77DC48431F5817A4002E51E8 /* Tweets.swift */ = {isa = PBXFileReference; fileEncoding = 4; lastKnownFileType = sourcecode.swift; path = Tweets.swift; sourceTree = "<group>"; };
		77DC48451F581AC9002E51E8 /* BaseTableViewController.swift */ = {isa = PBXFileReference; fileEncoding = 4; lastKnownFileType = sourcecode.swift; path = BaseTableViewController.swift; sourceTree = "<group>"; };
		77DC48481F581DA0002E51E8 /* BackendAPI.swift */ = {isa = PBXFileReference; fileEncoding = 4; lastKnownFileType = sourcecode.swift; path = BackendAPI.swift; sourceTree = "<group>"; };
		77DC484A1F581DFF002E51E8 /* AlamofireAPI.swift */ = {isa = PBXFileReference; fileEncoding = 4; lastKnownFileType = sourcecode.swift; path = AlamofireAPI.swift; sourceTree = "<group>"; };
		77DC484C1F582265002E51E8 /* SwiftyJSON.framework */ = {isa = PBXFileReference; lastKnownFileType = wrapper.framework; name = SwiftyJSON.framework; path = "Pods/../build/Debug-iphoneos/SwiftyJSON/SwiftyJSON.framework"; sourceTree = "<group>"; };
		77DC484E1F58336C002E51E8 /* BaseExtensions.swift */ = {isa = PBXFileReference; fileEncoding = 4; lastKnownFileType = sourcecode.swift; path = BaseExtensions.swift; sourceTree = "<group>"; };
		77DD38891F53380000B23A1B /* APIsUrlConstants.swift */ = {isa = PBXFileReference; fileEncoding = 4; lastKnownFileType = sourcecode.swift; path = APIsUrlConstants.swift; sourceTree = "<group>"; };
		77DD388B1F5339BF00B23A1B /* SafariServices.framework */ = {isa = PBXFileReference; lastKnownFileType = wrapper.framework; name = SafariServices.framework; path = System/Library/Frameworks/SafariServices.framework; sourceTree = SDKROOT; };
		EB751180A810E88D14657880 /* Pods-TwitterChallenge.release.xcconfig */ = {isa = PBXFileReference; includeInIndex = 1; lastKnownFileType = text.xcconfig; name = "Pods-TwitterChallenge.release.xcconfig"; path = "Pods/Target Support Files/Pods-TwitterChallenge/Pods-TwitterChallenge.release.xcconfig"; sourceTree = "<group>"; };
/* End PBXFileReference section */

/* Begin PBXFrameworksBuildPhase section */
		770DD2531F4DC32A00F9AAB4 /* Frameworks */ = {
			isa = PBXFrameworksBuildPhase;
			buildActionMask = 2147483647;
			files = (
				77DC484D1F582265002E51E8 /* SwiftyJSON.framework in Frameworks */,
				77DD388C1F5339BF00B23A1B /* SafariServices.framework in Frameworks */,
				779B9AB61F5040D000926F2F /* Alamofire.framework in Frameworks */,
				779B9AB71F5040D000926F2F /* DropDown.framework in Frameworks */,
				779B9AB81F5040D000926F2F /* MBProgressHUD.framework in Frameworks */,
				779B9AB91F5040D000926F2F /* SDWebImage.framework in Frameworks */,
				779B9ABA1F5040D000926F2F /* WHRoundedImageView.framework in Frameworks */,
				090531A246DA0E99FFFBE101 /* Pods_TwitterChallenge.framework in Frameworks */,
			);
			runOnlyForDeploymentPostprocessing = 0;
		};
/* End PBXFrameworksBuildPhase section */

/* Begin PBXGroup section */
		769D6B0A6DE8DE7CE051FFFB /* Frameworks */ = {
			isa = PBXGroup;
			children = (
				77DC484C1F582265002E51E8 /* SwiftyJSON.framework */,
				77DD388B1F5339BF00B23A1B /* SafariServices.framework */,
				779B9AB11F5040D000926F2F /* Alamofire.framework */,
				779B9AB21F5040D000926F2F /* DropDown.framework */,
				779B9AB31F5040D000926F2F /* MBProgressHUD.framework */,
				779B9AB41F5040D000926F2F /* SDWebImage.framework */,
				779B9AB51F5040D000926F2F /* WHRoundedImageView.framework */,
				26748BD1CE114C5069D50356 /* Pods_TwitterChallenge.framework */,
			);
			name = Frameworks;
			sourceTree = "<group>";
		};
		770DD24D1F4DC32A00F9AAB4 = {
			isa = PBXGroup;
			children = (
				770DD2581F4DC32A00F9AAB4 /* TwitterChallenge */,
				770DD2571F4DC32A00F9AAB4 /* Products */,
				DF7B1274D2F1915C8E10F3F4 /* Pods */,
				769D6B0A6DE8DE7CE051FFFB /* Frameworks */,
			);
			sourceTree = "<group>";
		};
		770DD2571F4DC32A00F9AAB4 /* Products */ = {
			isa = PBXGroup;
			children = (
				770DD2561F4DC32A00F9AAB4 /* TwitterChallenge.app */,
			);
			name = Products;
			sourceTree = "<group>";
		};
		770DD2581F4DC32A00F9AAB4 /* TwitterChallenge */ = {
			isa = PBXGroup;
			children = (
				770DD25D1F4DC32A00F9AAB4 /* Main.storyboard */,
				77DC484E1F58336C002E51E8 /* BaseExtensions.swift */,
				77B708801F502C2A0096CE34 /* BasePresenter.swift */,
				779B9AAF1F50406B00926F2F /* BaseViewController.swift */,
				77DC48451F581AC9002E51E8 /* BaseTableViewController.swift */,
				77C0E0111F4E98E400F95173 /* Presentation */,
				77B708741F502B2A0096CE34 /* Business */,
				77C0E0151F4E999200F95173 /* Data */,
				770DD26E1F4DD28500F9AAB4 /* Supporting files */,
			);
			path = TwitterChallenge;
			sourceTree = "<group>";
		};
		770DD26E1F4DD28500F9AAB4 /* Supporting files */ = {
			isa = PBXGroup;
			children = (
				770DD2601F4DC32A00F9AAB4 /* TwitterChallenge.xcdatamodeld */,
				770DD2591F4DC32A00F9AAB4 /* AppDelegate.swift */,
				770DD2631F4DC32A00F9AAB4 /* Assets.xcassets */,
				770DD2651F4DC32A00F9AAB4 /* LaunchScreen.storyboard */,
				770DD2681F4DC32A00F9AAB4 /* Info.plist */,
			);
			name = "Supporting files";
			sourceTree = "<group>";
		};
		77B708741F502B2A0096CE34 /* Business */ = {
			isa = PBXGroup;
			children = (
				77B708781F502B510096CE34 /* Usecase.swift */,
				77B708771F502B2A0096CE34 /* Login */,
				77B708761F502B2A0096CE34 /* FollowersList */,
				77B708751F502B2A0096CE34 /* FollowerDetails */,
			);
			path = Business;
			sourceTree = "<group>";
		};
		77B708751F502B2A0096CE34 /* FollowerDetails */ = {
			isa = PBXGroup;
			children = (
				77B7087E1F502C070096CE34 /* FollowerDetailsUsecase.swift */,
			);
			path = FollowerDetails;
			sourceTree = "<group>";
		};
		77B708761F502B2A0096CE34 /* FollowersList */ = {
			isa = PBXGroup;
			children = (
				77B7087C1F502BB80096CE34 /* FollowersListUsecase.swift */,
			);
			path = FollowersList;
			sourceTree = "<group>";
		};
		77B708771F502B2A0096CE34 /* Login */ = {
			isa = PBXGroup;
			children = (
				77B7087A1F502B970096CE34 /* LoginUsecase.swift */,
			);
			path = Login;
			sourceTree = "<group>";
		};
		77C0E0111F4E98E400F95173 /* Presentation */ = {
			isa = PBXGroup;
			children = (
				77C0E0141F4E993C00F95173 /* Login */,
				77C0E0131F4E993C00F95173 /* FollowersList */,
				77C0E0121F4E993C00F95173 /* FollowerDetails */,
			);
			path = Presentation;
			sourceTree = "<group>";
		};
		77C0E0121F4E993C00F95173 /* FollowerDetails */ = {
			isa = PBXGroup;
			children = (
				77C0E01B1F4E9A6000F95173 /* FollowerDetailsViewController.swift */,
				7797EAC31F4F68BF005C9734 /* FollowersDetailsContract.swift */,
				7797EAC51F4F68D2005C9734 /* FollowersDetailsPresenter.swift */,
			);
			path = FollowerDetails;
			sourceTree = "<group>";
		};
		77C0E0131F4E993C00F95173 /* FollowersList */ = {
			isa = PBXGroup;
			children = (
				77C0E0191F4E9A4400F95173 /* FollwersTableViewController.swift */,
				7797EABF1F4F688A005C9734 /* FollowersListContract.swift */,
				7797EAC11F4F689F005C9734 /* FollowersListPresenter.swift */,
			);
			path = FollowersList;
			sourceTree = "<group>";
		};
		77C0E0141F4E993C00F95173 /* Login */ = {
			isa = PBXGroup;
			children = (
				770DD25B1F4DC32A00F9AAB4 /* LoginViewController.swift */,
				7797EABB1F4F6658005C9734 /* LoginContract.swift */,
				7797EABD1F4F6667005C9734 /* LoginPresenter.swift */,
			);
			path = Login;
			sourceTree = "<group>";
		};
		77C0E0151F4E999200F95173 /* Data */ = {
			isa = PBXGroup;
			children = (
				77DD38891F53380000B23A1B /* APIsUrlConstants.swift */,
				77B708721F5020250096CE34 /* APIsDataConstant.swift */,
				77B708581F501D9D0096CE34 /* Repository.swift */,
				77DC48401F58175C002E51E8 /* Models */,
				77DC48471F581D6B002E51E8 /* Backend Integration */,
				77C0E0181F4E999200F95173 /* Login */,
				77C0E0171F4E999200F95173 /* FollowersList */,
				77C0E0161F4E999200F95173 /* FollowerDetails */,
			);
			path = Data;
			sourceTree = "<group>";
		};
		77C0E0161F4E999200F95173 /* FollowerDetails */ = {
			isa = PBXGroup;
			children = (
				77B7085E1F501E4D0096CE34 /* FollowerDetailsRepository.swift */,
				77B7086C1F501F170096CE34 /* FollowerDetailsDataSource.swift */,
				77B7086E1F501F2E0096CE34 /* FollowerDetailsRemoteDS.swift */,
				77B708701F501F420096CE34 /* FollowerDetailsLocalDS.swift */,
			);
			path = FollowerDetails;
			sourceTree = "<group>";
		};
		77C0E0171F4E999200F95173 /* FollowersList */ = {
			isa = PBXGroup;
			children = (
				77B7085C1F501E020096CE34 /* FollowersListRepository.swift */,
				77B708661F501ED40096CE34 /* FollowersListDataSource.swift */,
				77B708681F501EE60096CE34 /* FollowersListRemoteDS.swift */,
				77B7086A1F501EFB0096CE34 /* FollowersListLocalDS.swift */,
			);
			path = FollowersList;
			sourceTree = "<group>";
		};
		77C0E0181F4E999200F95173 /* Login */ = {
			isa = PBXGroup;
			children = (
				77B7085A1F501DE30096CE34 /* LoginRepository.swift */,
				77B708601F501E8D0096CE34 /* LoginDataSource.swift */,
				77B708621F501EA20096CE34 /* LoginRemoteDS.swift */,
				77B708641F501EBD0096CE34 /* LoginLocalDS.swift */,
			);
			path = Login;
			sourceTree = "<group>";
		};
		77DC48401F58175C002E51E8 /* Models */ = {
			isa = PBXGroup;
			children = (
				77DC48411F581772002E51E8 /* Followers.swift */,
				77DC48431F5817A4002E51E8 /* Tweets.swift */,
			);
			path = Models;
			sourceTree = "<group>";
		};
		77DC48471F581D6B002E51E8 /* Backend Integration */ = {
			isa = PBXGroup;
			children = (
				77DC48481F581DA0002E51E8 /* BackendAPI.swift */,
				77DC484A1F581DFF002E51E8 /* AlamofireAPI.swift */,
			);
			path = "Backend Integration";
			sourceTree = "<group>";
		};
		DF7B1274D2F1915C8E10F3F4 /* Pods */ = {
			isa = PBXGroup;
			children = (
				550C4FB37D64DDF68D3643FD /* Pods-TwitterChallenge.debug.xcconfig */,
				EB751180A810E88D14657880 /* Pods-TwitterChallenge.release.xcconfig */,
			);
			name = Pods;
			sourceTree = "<group>";
		};
/* End PBXGroup section */

/* Begin PBXNativeTarget section */
		770DD2551F4DC32A00F9AAB4 /* TwitterChallenge */ = {
			isa = PBXNativeTarget;
			buildConfigurationList = 770DD26B1F4DC32A00F9AAB4 /* Build configuration list for PBXNativeTarget "TwitterChallenge" */;
			buildPhases = (
				E06A6DB8C8E40912057EA225 /* [CP] Check Pods Manifest.lock */,
				770DD2521F4DC32A00F9AAB4 /* Sources */,
				770DD2531F4DC32A00F9AAB4 /* Frameworks */,
				770DD2541F4DC32A00F9AAB4 /* Resources */,
				03CF40ADC829C44877589586 /* [CP] Embed Pods Frameworks */,
				C4452A99799F23096014067C /* [CP] Copy Pods Resources */,
			);
			buildRules = (
			);
			dependencies = (
			);
			name = TwitterChallenge;
			productName = TwitterChallenge;
			productReference = 770DD2561F4DC32A00F9AAB4 /* TwitterChallenge.app */;
			productType = "com.apple.product-type.application";
		};
/* End PBXNativeTarget section */

/* Begin PBXProject section */
		770DD24E1F4DC32A00F9AAB4 /* Project object */ = {
			isa = PBXProject;
			attributes = {
				LastSwiftUpdateCheck = 0830;
				LastUpgradeCheck = 0830;
				TargetAttributes = {
					770DD2551F4DC32A00F9AAB4 = {
						CreatedOnToolsVersion = 8.3;
						DevelopmentTeam = 47FPRZ54TM;
						ProvisioningStyle = Automatic;
					};
				};
			};
			buildConfigurationList = 770DD2511F4DC32A00F9AAB4 /* Build configuration list for PBXProject "TwitterChallenge" */;
			compatibilityVersion = "Xcode 3.2";
			developmentRegion = English;
			hasScannedForEncodings = 0;
			knownRegions = (
				en,
				Base,
			);
			mainGroup = 770DD24D1F4DC32A00F9AAB4;
			productRefGroup = 770DD2571F4DC32A00F9AAB4 /* Products */;
			projectDirPath = "";
			projectRoot = "";
			targets = (
				770DD2551F4DC32A00F9AAB4 /* TwitterChallenge */,
			);
		};
/* End PBXProject section */

/* Begin PBXResourcesBuildPhase section */
		770DD2541F4DC32A00F9AAB4 /* Resources */ = {
			isa = PBXResourcesBuildPhase;
			buildActionMask = 2147483647;
			files = (
				770DD2671F4DC32A00F9AAB4 /* LaunchScreen.storyboard in Resources */,
				770DD2641F4DC32A00F9AAB4 /* Assets.xcassets in Resources */,
				770DD25F1F4DC32A00F9AAB4 /* Main.storyboard in Resources */,
			);
			runOnlyForDeploymentPostprocessing = 0;
		};
/* End PBXResourcesBuildPhase section */

/* Begin PBXShellScriptBuildPhase section */
		03CF40ADC829C44877589586 /* [CP] Embed Pods Frameworks */ = {
			isa = PBXShellScriptBuildPhase;
			buildActionMask = 2147483647;
			files = (
			);
			inputPaths = (
				"${SRCROOT}/Pods/Target Support Files/Pods-TwitterChallenge/Pods-TwitterChallenge-frameworks.sh",
				"${BUILT_PRODUCTS_DIR}/Alamofire/Alamofire.framework",
				"${BUILT_PRODUCTS_DIR}/DropDown/DropDown.framework",
				"${BUILT_PRODUCTS_DIR}/MBProgressHUD/MBProgressHUD.framework",
				"${BUILT_PRODUCTS_DIR}/SDWebImage/SDWebImage.framework",
				"${BUILT_PRODUCTS_DIR}/SwiftyJSON/SwiftyJSON.framework",
				"${BUILT_PRODUCTS_DIR}/WHRoundedImageView/WHRoundedImageView.framework",
			);
			name = "[CP] Embed Pods Frameworks";
			outputPaths = (
				"${TARGET_BUILD_DIR}/${FRAMEWORKS_FOLDER_PATH}/Alamofire.framework",
				"${TARGET_BUILD_DIR}/${FRAMEWORKS_FOLDER_PATH}/DropDown.framework",
				"${TARGET_BUILD_DIR}/${FRAMEWORKS_FOLDER_PATH}/MBProgressHUD.framework",
				"${TARGET_BUILD_DIR}/${FRAMEWORKS_FOLDER_PATH}/SDWebImage.framework",
				"${TARGET_BUILD_DIR}/${FRAMEWORKS_FOLDER_PATH}/SwiftyJSON.framework",
				"${TARGET_BUILD_DIR}/${FRAMEWORKS_FOLDER_PATH}/WHRoundedImageView.framework",
			);
			runOnlyForDeploymentPostprocessing = 0;
			shellPath = /bin/sh;
			shellScript = "\"${SRCROOT}/Pods/Target Support Files/Pods-TwitterChallenge/Pods-TwitterChallenge-frameworks.sh\"\n";
			showEnvVarsInLog = 0;
		};
		C4452A99799F23096014067C /* [CP] Copy Pods Resources */ = {
			isa = PBXShellScriptBuildPhase;
			buildActionMask = 2147483647;
			files = (
			);
			inputPaths = (
				"${SRCROOT}/Pods/Target Support Files/Pods-TwitterChallenge/Pods-TwitterChallenge-resources.sh",
				"${PODS_ROOT}/TwitterKit/iOS/TwitterKit.framework/TwitterKitResources.bundle",
				"${PODS_ROOT}/TwitterKit/iOS/TwitterKit.framework/TwitterShareExtensionUIResources.bundle",
			);
			name = "[CP] Copy Pods Resources";
			outputPaths = (
				"${TARGET_BUILD_DIR}/${UNLOCALIZED_RESOURCES_FOLDER_PATH}",
			);
			runOnlyForDeploymentPostprocessing = 0;
			shellPath = /bin/sh;
			shellScript = "\"${SRCROOT}/Pods/Target Support Files/Pods-TwitterChallenge/Pods-TwitterChallenge-resources.sh\"\n";
			showEnvVarsInLog = 0;
		};
		E06A6DB8C8E40912057EA225 /* [CP] Check Pods Manifest.lock */ = {
			isa = PBXShellScriptBuildPhase;
			buildActionMask = 2147483647;
			files = (
			);
			inputPaths = (
				"${PODS_PODFILE_DIR_PATH}/Podfile.lock",
				"${PODS_ROOT}/Manifest.lock",
			);
			name = "[CP] Check Pods Manifest.lock";
			outputPaths = (
				"$(DERIVED_FILE_DIR)/Pods-TwitterChallenge-checkManifestLockResult.txt",
			);
			runOnlyForDeploymentPostprocessing = 0;
			shellPath = /bin/sh;
			shellScript = "diff \"${PODS_PODFILE_DIR_PATH}/Podfile.lock\" \"${PODS_ROOT}/Manifest.lock\" > /dev/null\nif [ $? != 0 ] ; then\n    # print error to STDERR\n    echo \"error: The sandbox is not in sync with the Podfile.lock. Run 'pod install' or update your CocoaPods installation.\" >&2\n    exit 1\nfi\n# This output is used by Xcode 'outputs' to avoid re-running this script phase.\necho \"SUCCESS\" > \"${SCRIPT_OUTPUT_FILE_0}\"\n";
			showEnvVarsInLog = 0;
		};
/* End PBXShellScriptBuildPhase section */

/* Begin PBXSourcesBuildPhase section */
		770DD2521F4DC32A00F9AAB4 /* Sources */ = {
			isa = PBXSourcesBuildPhase;
			buildActionMask = 2147483647;
			files = (
				77DC48421F581772002E51E8 /* Followers.swift in Sources */,
				77B7085F1F501E4D0096CE34 /* FollowerDetailsRepository.swift in Sources */,
				77B708811F502C2A0096CE34 /* BasePresenter.swift in Sources */,
				77B7087B1F502B970096CE34 /* LoginUsecase.swift in Sources */,
				77B708671F501ED40096CE34 /* FollowersListDataSource.swift in Sources */,
				779B9AB01F50406B00926F2F /* BaseViewController.swift in Sources */,
				7797EAC21F4F689F005C9734 /* FollowersListPresenter.swift in Sources */,
				77B708651F501EBD0096CE34 /* LoginLocalDS.swift in Sources */,
				77DC484B1F581DFF002E51E8 /* AlamofireAPI.swift in Sources */,
				77B7085B1F501DE30096CE34 /* LoginRepository.swift in Sources */,
				77DC484F1F58336C002E51E8 /* BaseExtensions.swift in Sources */,
				770DD25C1F4DC32A00F9AAB4 /* LoginViewController.swift in Sources */,
				77B7087F1F502C070096CE34 /* FollowerDetailsUsecase.swift in Sources */,
				77B7087D1F502BB80096CE34 /* FollowersListUsecase.swift in Sources */,
				77B708731F5020250096CE34 /* APIsDataConstant.swift in Sources */,
				77B708611F501E8D0096CE34 /* LoginDataSource.swift in Sources */,
				77B708631F501EA20096CE34 /* LoginRemoteDS.swift in Sources */,
				77DD388A1F53380000B23A1B /* APIsUrlConstants.swift in Sources */,
				7797EAC41F4F68BF005C9734 /* FollowersDetailsContract.swift in Sources */,
				77DC48491F581DA0002E51E8 /* BackendAPI.swift in Sources */,
				77DC48461F581AC9002E51E8 /* BaseTableViewController.swift in Sources */,
				77B708711F501F420096CE34 /* FollowerDetailsLocalDS.swift in Sources */,
				7797EABC1F4F6658005C9734 /* LoginContract.swift in Sources */,
				77B708691F501EE60096CE34 /* FollowersListRemoteDS.swift in Sources */,
				77B708791F502B510096CE34 /* Usecase.swift in Sources */,
				7797EABE1F4F6667005C9734 /* LoginPresenter.swift in Sources */,
				770DD25A1F4DC32A00F9AAB4 /* AppDelegate.swift in Sources */,
				7797EAC61F4F68D2005C9734 /* FollowersDetailsPresenter.swift in Sources */,
				77C0E01C1F4E9A6000F95173 /* FollowerDetailsViewController.swift in Sources */,
				77B7085D1F501E020096CE34 /* FollowersListRepository.swift in Sources */,
				77B7086B1F501EFB0096CE34 /* FollowersListLocalDS.swift in Sources */,
				77DC48441F5817A4002E51E8 /* Tweets.swift in Sources */,
				7797EAC01F4F688A005C9734 /* FollowersListContract.swift in Sources */,
				770DD2621F4DC32A00F9AAB4 /* TwitterChallenge.xcdatamodeld in Sources */,
				77B7086D1F501F170096CE34 /* FollowerDetailsDataSource.swift in Sources */,
				77C0E01A1F4E9A4400F95173 /* FollwersTableViewController.swift in Sources */,
				77B7086F1F501F2E0096CE34 /* FollowerDetailsRemoteDS.swift in Sources */,
				77B708591F501D9D0096CE34 /* Repository.swift in Sources */,
			);
			runOnlyForDeploymentPostprocessing = 0;
		};
/* End PBXSourcesBuildPhase section */

/* Begin PBXVariantGroup section */
		770DD25D1F4DC32A00F9AAB4 /* Main.storyboard */ = {
			isa = PBXVariantGroup;
			children = (
				770DD25E1F4DC32A00F9AAB4 /* Base */,
			);
			name = Main.storyboard;
			sourceTree = "<group>";
		};
		770DD2651F4DC32A00F9AAB4 /* LaunchScreen.storyboard */ = {
			isa = PBXVariantGroup;
			children = (
				770DD2661F4DC32A00F9AAB4 /* Base */,
			);
			name = LaunchScreen.storyboard;
			sourceTree = "<group>";
		};
/* End PBXVariantGroup section */

/* Begin XCBuildConfiguration section */
		770DD2691F4DC32A00F9AAB4 /* Debug */ = {
			isa = XCBuildConfiguration;
			buildSettings = {
				ALWAYS_SEARCH_USER_PATHS = NO;
				CLANG_ANALYZER_NONNULL = YES;
				CLANG_ANALYZER_NUMBER_OBJECT_CONVERSION = YES_AGGRESSIVE;
				CLANG_CXX_LANGUAGE_STANDARD = "gnu++0x";
				CLANG_CXX_LIBRARY = "libc++";
				CLANG_ENABLE_MODULES = YES;
				CLANG_ENABLE_OBJC_ARC = YES;
				CLANG_WARN_BOOL_CONVERSION = YES;
				CLANG_WARN_CONSTANT_CONVERSION = YES;
				CLANG_WARN_DIRECT_OBJC_ISA_USAGE = YES_ERROR;
				CLANG_WARN_DOCUMENTATION_COMMENTS = YES;
				CLANG_WARN_EMPTY_BODY = YES;
				CLANG_WARN_ENUM_CONVERSION = YES;
				CLANG_WARN_INFINITE_RECURSION = YES;
				CLANG_WARN_INT_CONVERSION = YES;
				CLANG_WARN_OBJC_ROOT_CLASS = YES_ERROR;
				CLANG_WARN_SUSPICIOUS_MOVE = YES;
				CLANG_WARN_UNREACHABLE_CODE = YES;
				CLANG_WARN__DUPLICATE_METHOD_MATCH = YES;
				"CODE_SIGN_IDENTITY[sdk=iphoneos*]" = "iPhone Developer";
				COPY_PHASE_STRIP = NO;
				DEBUG_INFORMATION_FORMAT = dwarf;
				ENABLE_STRICT_OBJC_MSGSEND = YES;
				ENABLE_TESTABILITY = YES;
				GCC_C_LANGUAGE_STANDARD = gnu99;
				GCC_DYNAMIC_NO_PIC = NO;
				GCC_NO_COMMON_BLOCKS = YES;
				GCC_OPTIMIZATION_LEVEL = 0;
				GCC_PREPROCESSOR_DEFINITIONS = (
					"DEBUG=1",
					"$(inherited)",
				);
				GCC_WARN_64_TO_32_BIT_CONVERSION = YES;
				GCC_WARN_ABOUT_RETURN_TYPE = YES_ERROR;
				GCC_WARN_UNDECLARED_SELECTOR = YES;
				GCC_WARN_UNINITIALIZED_AUTOS = YES_AGGRESSIVE;
				GCC_WARN_UNUSED_FUNCTION = YES;
				GCC_WARN_UNUSED_VARIABLE = YES;
				IPHONEOS_DEPLOYMENT_TARGET = 10.3;
				MTL_ENABLE_DEBUG_INFO = YES;
				ONLY_ACTIVE_ARCH = YES;
				SDKROOT = iphoneos;
				SWIFT_ACTIVE_COMPILATION_CONDITIONS = DEBUG;
				SWIFT_OPTIMIZATION_LEVEL = "-Onone";
				TARGETED_DEVICE_FAMILY = "1,2";
			};
			name = Debug;
		};
		770DD26A1F4DC32A00F9AAB4 /* Release */ = {
			isa = XCBuildConfiguration;
			buildSettings = {
				ALWAYS_SEARCH_USER_PATHS = NO;
				CLANG_ANALYZER_NONNULL = YES;
				CLANG_ANALYZER_NUMBER_OBJECT_CONVERSION = YES_AGGRESSIVE;
				CLANG_CXX_LANGUAGE_STANDARD = "gnu++0x";
				CLANG_CXX_LIBRARY = "libc++";
				CLANG_ENABLE_MODULES = YES;
				CLANG_ENABLE_OBJC_ARC = YES;
				CLANG_WARN_BOOL_CONVERSION = YES;
				CLANG_WARN_CONSTANT_CONVERSION = YES;
				CLANG_WARN_DIRECT_OBJC_ISA_USAGE = YES_ERROR;
				CLANG_WARN_DOCUMENTATION_COMMENTS = YES;
				CLANG_WARN_EMPTY_BODY = YES;
				CLANG_WARN_ENUM_CONVERSION = YES;
				CLANG_WARN_INFINITE_RECURSION = YES;
				CLANG_WARN_INT_CONVERSION = YES;
				CLANG_WARN_OBJC_ROOT_CLASS = YES_ERROR;
				CLANG_WARN_SUSPICIOUS_MOVE = YES;
				CLANG_WARN_UNREACHABLE_CODE = YES;
				CLANG_WARN__DUPLICATE_METHOD_MATCH = YES;
				"CODE_SIGN_IDENTITY[sdk=iphoneos*]" = "iPhone Developer";
				COPY_PHASE_STRIP = NO;
				DEBUG_INFORMATION_FORMAT = "dwarf-with-dsym";
				ENABLE_NS_ASSERTIONS = NO;
				ENABLE_STRICT_OBJC_MSGSEND = YES;
				GCC_C_LANGUAGE_STANDARD = gnu99;
				GCC_NO_COMMON_BLOCKS = YES;
				GCC_WARN_64_TO_32_BIT_CONVERSION = YES;
				GCC_WARN_ABOUT_RETURN_TYPE = YES_ERROR;
				GCC_WARN_UNDECLARED_SELECTOR = YES;
				GCC_WARN_UNINITIALIZED_AUTOS = YES_AGGRESSIVE;
				GCC_WARN_UNUSED_FUNCTION = YES;
				GCC_WARN_UNUSED_VARIABLE = YES;
				IPHONEOS_DEPLOYMENT_TARGET = 10.3;
				MTL_ENABLE_DEBUG_INFO = NO;
				SDKROOT = iphoneos;
				SWIFT_OPTIMIZATION_LEVEL = "-Owholemodule";
				TARGETED_DEVICE_FAMILY = "1,2";
				VALIDATE_PRODUCT = YES;
			};
			name = Release;
		};
		770DD26C1F4DC32A00F9AAB4 /* Debug */ = {
			isa = XCBuildConfiguration;
			baseConfigurationReference = 550C4FB37D64DDF68D3643FD /* Pods-TwitterChallenge.debug.xcconfig */;
			buildSettings = {
				ASSETCATALOG_COMPILER_APPICON_NAME = AppIcon;
				DEVELOPMENT_TEAM = 47FPRZ54TM;
				FRAMEWORK_SEARCH_PATHS = (
					"$(inherited)",
					"$(PROJECT_DIR)/build/Debug-iphoneos/SwiftyJSON",
				);
				INFOPLIST_FILE = TwitterChallenge/Info.plist;
				LD_RUNPATH_SEARCH_PATHS = "$(inherited) @executable_path/Frameworks";
				PRODUCT_BUNDLE_IDENTIFIER = mramadan.TwitterChallenge;
				PRODUCT_NAME = "$(TARGET_NAME)";
				SWIFT_VERSION = 3.0;
			};
			name = Debug;
		};
		770DD26D1F4DC32A00F9AAB4 /* Release */ = {
			isa = XCBuildConfiguration;
			baseConfigurationReference = EB751180A810E88D14657880 /* Pods-TwitterChallenge.release.xcconfig */;
			buildSettings = {
				ASSETCATALOG_COMPILER_APPICON_NAME = AppIcon;
				DEVELOPMENT_TEAM = 47FPRZ54TM;
				FRAMEWORK_SEARCH_PATHS = (
					"$(inherited)",
					"$(PROJECT_DIR)/build/Debug-iphoneos/SwiftyJSON",
				);
				INFOPLIST_FILE = TwitterChallenge/Info.plist;
				LD_RUNPATH_SEARCH_PATHS = "$(inherited) @executable_path/Frameworks";
				PRODUCT_BUNDLE_IDENTIFIER = mramadan.TwitterChallenge;
				PRODUCT_NAME = "$(TARGET_NAME)";
				SWIFT_VERSION = 3.0;
			};
			name = Release;
		};
/* End XCBuildConfiguration section */

/* Begin XCConfigurationList section */
		770DD2511F4DC32A00F9AAB4 /* Build configuration list for PBXProject "TwitterChallenge" */ = {
			isa = XCConfigurationList;
			buildConfigurations = (
				770DD2691F4DC32A00F9AAB4 /* Debug */,
				770DD26A1F4DC32A00F9AAB4 /* Release */,
			);
			defaultConfigurationIsVisible = 0;
			defaultConfigurationName = Release;
		};
		770DD26B1F4DC32A00F9AAB4 /* Build configuration list for PBXNativeTarget "TwitterChallenge" */ = {
			isa = XCConfigurationList;
			buildConfigurations = (
				770DD26C1F4DC32A00F9AAB4 /* Debug */,
				770DD26D1F4DC32A00F9AAB4 /* Release */,
			);
			defaultConfigurationIsVisible = 0;
			defaultConfigurationName = Release;
		};
/* End XCConfigurationList section */

/* Begin XCVersionGroup section */
		770DD2601F4DC32A00F9AAB4 /* TwitterChallenge.xcdatamodeld */ = {
			isa = XCVersionGroup;
			children = (
				770DD2611F4DC32A00F9AAB4 /* TwitterChallenge.xcdatamodel */,
			);
			currentVersion = 770DD2611F4DC32A00F9AAB4 /* TwitterChallenge.xcdatamodel */;
			path = TwitterChallenge.xcdatamodeld;
			sourceTree = "<group>";
			versionGroupType = wrapper.xcdatamodel;
		};
/* End XCVersionGroup section */
	};
	rootObject = 770DD24E1F4DC32A00F9AAB4 /* Project object */;
}
